
Microsoft Visual Studio Solution File, Format Version 12.00
# Visual Studio Version 17
VisualStudioVersion = 17.13.35828.75
MinimumVisualStudioVersion = 10.0.40219.1
Project("{FAE04EC0-301F-11D3-BF4B-00C04F79EFBC}") = "JsonLog", "JsonLog\JsonLog.csproj", "{EBFEF1AD-6BC6-879E-118D-28A9B8D30001}"
EndProject
Global
	GlobalSection(SolutionConfigurationPlatforms) = preSolution
		Debug|Any CPU = Debug|Any CPU
		Release|Any CPU = Release|Any CPU
	EndGlobalSection
	GlobalSection(ProjectConfigurationPlatforms) = postSolution
		{EBFEF1AD-6BC6-879E-118D-28A9B8D30001}.Debug|Any CPU.ActiveCfg = Debug|Any CPU
		{EBFEF1AD-6BC6-879E-118D-28A9B8D30001}.Debug|Any CPU.Build.0 = Debug|Any CPU
		{EBFEF1AD-6BC6-879E-118D-28A9B8D30001}.Release|Any CPU.ActiveCfg = Release|Any CPU
		{EBFEF1AD-6BC6-879E-118D-28A9B8D30001}.Release|Any CPU.Build.0 = Release|Any CPU
	EndGlobalSection
	GlobalSection(SolutionProperties) = preSolution
		HideSolutionNode = FALSE
	EndGlobalSection
	GlobalSection(ExtensibilityGlobals) = postSolution
		SolutionGuid = {7C92623B-8114-4381-95A5-6542DE550302}
	EndGlobalSection
EndGlobal
